
Microsoft Visual Studio Solution File, Format Version 12.00
# Visual Studio Version 16
VisualStudioVersion = 16.0.31205.134
MinimumVisualStudioVersion = 10.0.40219.1
Project("{FAE04EC0-301F-11D3-BF4B-00C04F79EFBC}") = "SIM", "SIM\SIM.csproj", "{9DCCE684-B18D-4F3D-940E-9217464BA234}"
EndProject
Global
	GlobalSection(SolutionConfigurationPlatforms) = preSolution
		Debug|Any CPU = Debug|Any CPU
		Release|Any CPU = Release|Any CPU
	EndGlobalSection
	GlobalSection(ProjectConfigurationPlatforms) = postSolution
		{9DCCE684-B18D-4F3D-940E-9217464BA234}.Debug|Any CPU.ActiveCfg = Debug|Any CPU
		{9DCCE684-B18D-4F3D-940E-9217464BA234}.Debug|Any CPU.Build.0 = Debug|Any CPU
		{9DCCE684-B18D-4F3D-940E-9217464BA234}.Release|Any CPU.ActiveCfg = Release|Any CPU
		{9DCCE684-B18D-4F3D-940E-9217464BA234}.Release|Any CPU.Build.0 = Release|Any CPU
	EndGlobalSection
	GlobalSection(SolutionProperties) = preSolution
		HideSolutionNode = FALSE
	EndGlobalSection
	GlobalSection(ExtensibilityGlobals) = postSolution
		SolutionGuid = {2FF354EA-EC18-4EAB-AEA0-1822FD890574}
	EndGlobalSection
EndGlobal
